# This file is automatically @generated by Cargo.
# It is not intended for manual editing.
version = 3

[[package]]
name = "poc-function"
version = "0.1.0"
dependencies = [
    "rust_utils",
]

[[package]]
name = "rust_utils"
version = "1.0.0"
source = "git+https://github.com/sub07/rust-utils#f863b7bbd1db690caffa89d1e14e3017c51e16bb"
