# This file is automatically @generated by Cargo.
# It is not intended for manual editing.
version = 3

[[package]]
name = "paste"
version = "1.0.12"
source = "registry+https://github.com/rust-lang/crates.io-index"
checksum = "9f746c4065a8fa3fe23974dd82f15431cc8d40779821001404d10d2e79ca7d79"

[[package]]
name = "poc-function"
version = "0.1.0"
dependencies = [
 "paste",
 "rust_utils",
]

[[package]]
name = "rust_utils"
version = "1.0.0"
source = "git+https://github.com/sub07/rust-utils#f863b7bbd1db690caffa89d1e14e3017c51e16bb"
